
Microsoft Visual Studio Solution File, Format Version 12.00
# Visual Studio Version 17
VisualStudioVersion = 17.5.002.0
MinimumVisualStudioVersion = 10.0.40219.1
Project("{9A19103F-16F7-4668-BE54-9A1E7A4F7556}") = "Data", "Data.csproj", "{E81106F6-A06E-46CD-9E39-6EF7A0DAF377}"
EndProject
Global
	GlobalSection(SolutionConfigurationPlatforms) = preSolution
		Debug|Any CPU = Debug|Any CPU
		Release|Any CPU = Release|Any CPU
	EndGlobalSection
	GlobalSection(ProjectConfigurationPlatforms) = postSolution
		{E81106F6-A06E-46CD-9E39-6EF7A0DAF377}.Debug|Any CPU.ActiveCfg = Debug|Any CPU
		{E81106F6-A06E-46CD-9E39-6EF7A0DAF377}.Debug|Any CPU.Build.0 = Debug|Any CPU
		{E81106F6-A06E-46CD-9E39-6EF7A0DAF377}.Release|Any CPU.ActiveCfg = Release|Any CPU
		{E81106F6-A06E-46CD-9E39-6EF7A0DAF377}.Release|Any CPU.Build.0 = Release|Any CPU
	EndGlobalSection
	GlobalSection(SolutionProperties) = preSolution
		HideSolutionNode = FALSE
	EndGlobalSection
	GlobalSection(ExtensibilityGlobals) = postSolution
		SolutionGuid = {C0DE947F-DC75-4F05-8E99-2F10A7B5B3E7}
	EndGlobalSection
EndGlobal
