
Microsoft Visual Studio Solution File, Format Version 12.00
# Visual Studio Version 17
VisualStudioVersion = 17.5.002.0
MinimumVisualStudioVersion = 10.0.40219.1
Project("{9A19103F-16F7-4668-BE54-9A1E7A4F7556}") = "Calulator", "Calulator.csproj", "{37B242A2-8CA5-4455-AB3B-59E3913596D8}"
EndProject
Global
	GlobalSection(SolutionConfigurationPlatforms) = preSolution
		Debug|Any CPU = Debug|Any CPU
		Release|Any CPU = Release|Any CPU
	EndGlobalSection
	GlobalSection(ProjectConfigurationPlatforms) = postSolution
		{37B242A2-8CA5-4455-AB3B-59E3913596D8}.Debug|Any CPU.ActiveCfg = Debug|Any CPU
		{37B242A2-8CA5-4455-AB3B-59E3913596D8}.Debug|Any CPU.Build.0 = Debug|Any CPU
		{37B242A2-8CA5-4455-AB3B-59E3913596D8}.Release|Any CPU.ActiveCfg = Release|Any CPU
		{37B242A2-8CA5-4455-AB3B-59E3913596D8}.Release|Any CPU.Build.0 = Release|Any CPU
	EndGlobalSection
	GlobalSection(SolutionProperties) = preSolution
		HideSolutionNode = FALSE
	EndGlobalSection
	GlobalSection(ExtensibilityGlobals) = postSolution
		SolutionGuid = {E7A24B63-8F8D-4657-8F37-FA43ABFBCC86}
	EndGlobalSection
EndGlobal
