
Microsoft Visual Studio Solution File, Format Version 12.00
# Visual Studio Version 17
VisualStudioVersion = 17.5.002.0
MinimumVisualStudioVersion = 10.0.40219.1
Project("{9A19103F-16F7-4668-BE54-9A1E7A4F7556}") = "Q2ValorNegativoParaPositivo", "Q2ValorNegativoParaPositivo.csproj", "{1FDCD378-4A19-4B18-907D-F309508925D2}"
EndProject
Global
	GlobalSection(SolutionConfigurationPlatforms) = preSolution
		Debug|Any CPU = Debug|Any CPU
		Release|Any CPU = Release|Any CPU
	EndGlobalSection
	GlobalSection(ProjectConfigurationPlatforms) = postSolution
		{1FDCD378-4A19-4B18-907D-F309508925D2}.Debug|Any CPU.ActiveCfg = Debug|Any CPU
		{1FDCD378-4A19-4B18-907D-F309508925D2}.Debug|Any CPU.Build.0 = Debug|Any CPU
		{1FDCD378-4A19-4B18-907D-F309508925D2}.Release|Any CPU.ActiveCfg = Release|Any CPU
		{1FDCD378-4A19-4B18-907D-F309508925D2}.Release|Any CPU.Build.0 = Release|Any CPU
	EndGlobalSection
	GlobalSection(SolutionProperties) = preSolution
		HideSolutionNode = FALSE
	EndGlobalSection
	GlobalSection(ExtensibilityGlobals) = postSolution
		SolutionGuid = {CABD9761-8761-4FBC-BB71-24E167390F33}
	EndGlobalSection
EndGlobal
